// !$*UTF8*$!
{
	archiveVersion = 1;
	classes = {
	};
	objectVersion = 50;
	objects = {

/* Begin PBXBuildFile section */
		4FF5ADBC25820E81009AD3AF /* AppDelegate.swift in Sources */ = {isa = PBXBuildFile; fileRef = 4FF5ADBB25820E81009AD3AF /* AppDelegate.swift */; };
		4FF5ADBE25820E81009AD3AF /* SceneDelegate.swift in Sources */ = {isa = PBXBuildFile; fileRef = 4FF5ADBD25820E81009AD3AF /* SceneDelegate.swift */; };
		4FF5ADC025820E81009AD3AF /* ContentView.swift in Sources */ = {isa = PBXBuildFile; fileRef = 4FF5ADBF25820E81009AD3AF /* ContentView.swift */; };
		4FF5ADC225820E83009AD3AF /* Assets.xcassets in Resources */ = {isa = PBXBuildFile; fileRef = 4FF5ADC125820E83009AD3AF /* Assets.xcassets */; };
		4FF5ADC525820E83009AD3AF /* Preview Assets.xcassets in Resources */ = {isa = PBXBuildFile; fileRef = 4FF5ADC425820E83009AD3AF /* Preview Assets.xcassets */; };
		4FF5ADC825820E83009AD3AF /* LaunchScreen.storyboard in Resources */ = {isa = PBXBuildFile; fileRef = 4FF5ADC625820E83009AD3AF /* LaunchScreen.storyboard */; };
		4FF5ADD325820E83009AD3AF /* FuckTests.swift in Sources */ = {isa = PBXBuildFile; fileRef = 4FF5ADD225820E83009AD3AF /* FuckTests.swift */; };
		4FF5ADDE25820E83009AD3AF /* FuckUITests.swift in Sources */ = {isa = PBXBuildFile; fileRef = 4FF5ADDD25820E83009AD3AF /* FuckUITests.swift */; };
/* End PBXBuildFile section */

/* Begin PBXContainerItemProxy section */
		4FF5ADCF25820E83009AD3AF /* PBXContainerItemProxy */ = {
			isa = PBXContainerItemProxy;
			containerPortal = 4FF5ADB025820E81009AD3AF /* Project object */;
			proxyType = 1;
			remoteGlobalIDString = 4FF5ADB725820E81009AD3AF;
			remoteInfo = Fuck;
		};
		4FF5ADDA25820E83009AD3AF /* PBXContainerItemProxy */ = {
			isa = PBXContainerItemProxy;
			containerPortal = 4FF5ADB025820E81009AD3AF /* Project object */;
			proxyType = 1;
			remoteGlobalIDString = 4FF5ADB725820E81009AD3AF;
			remoteInfo = Fuck;
		};
/* End PBXContainerItemProxy section */

/* Begin PBXFileReference section */
		4FF5ADB825820E81009AD3AF /* Fuck.app */ = {isa = PBXFileReference; explicitFileType = wrapper.application; includeInIndex = 0; path = Fuck.app; sourceTree = BUILT_PRODUCTS_DIR; };
		4FF5ADBB25820E81009AD3AF /* AppDelegate.swift */ = {isa = PBXFileReference; lastKnownFileType = sourcecode.swift; path = AppDelegate.swift; sourceTree = "<group>"; };
		4FF5ADBD25820E81009AD3AF /* SceneDelegate.swift */ = {isa = PBXFileReference; lastKnownFileType = sourcecode.swift; path = SceneDelegate.swift; sourceTree = "<group>"; };
		4FF5ADBF25820E81009AD3AF /* ContentView.swift */ = {isa = PBXFileReference; lastKnownFileType = sourcecode.swift; path = ContentView.swift; sourceTree = "<group>"; };
		4FF5ADC125820E83009AD3AF /* Assets.xcassets */ = {isa = PBXFileReference; lastKnownFileType = folder.assetcatalog; path = Assets.xcassets; sourceTree = "<group>"; };
		4FF5ADC425820E83009AD3AF /* Preview Assets.xcassets */ = {isa = PBXFileReference; lastKnownFileType = folder.assetcatalog; path = "Preview Assets.xcassets"; sourceTree = "<group>"; };
		4FF5ADC725820E83009AD3AF /* Base */ = {isa = PBXFileReference; lastKnownFileType = file.storyboard; name = Base; path = Base.lproj/LaunchScreen.storyboard; sourceTree = "<group>"; };
		4FF5ADC925820E83009AD3AF /* Info.plist */ = {isa = PBXFileReference; lastKnownFileType = text.plist.xml; path = Info.plist; sourceTree = "<group>"; };
		4FF5ADCE25820E83009AD3AF /* FuckTests.xctest */ = {isa = PBXFileReference; explicitFileType = wrapper.cfbundle; includeInIndex = 0; path = FuckTests.xctest; sourceTree = BUILT_PRODUCTS_DIR; };
		4FF5ADD225820E83009AD3AF /* FuckTests.swift */ = {isa = PBXFileReference; lastKnownFileType = sourcecode.swift; path = FuckTests.swift; sourceTree = "<group>"; };
		4FF5ADD425820E83009AD3AF /* Info.plist */ = {isa = PBXFileReference; lastKnownFileType = text.plist.xml; path = Info.plist; sourceTree = "<group>"; };
		4FF5ADD925820E83009AD3AF /* FuckUITests.xctest */ = {isa = PBXFileReference; explicitFileType = wrapper.cfbundle; includeInIndex = 0; path = FuckUITests.xctest; sourceTree = BUILT_PRODUCTS_DIR; };
		4FF5ADDD25820E83009AD3AF /* FuckUITests.swift */ = {isa = PBXFileReference; lastKnownFileType = sourcecode.swift; path = FuckUITests.swift; sourceTree = "<group>"; };
		4FF5ADDF25820E83009AD3AF /* Info.plist */ = {isa = PBXFileReference; lastKnownFileType = text.plist.xml; path = Info.plist; sourceTree = "<group>"; };
/* End PBXFileReference section */

/* Begin PBXFrameworksBuildPhase section */
		4FF5ADB525820E81009AD3AF /* Frameworks */ = {
			isa = PBXFrameworksBuildPhase;
			buildActionMask = 2147483647;
			files = (
			);
			runOnlyForDeploymentPostprocessing = 0;
		};
		4FF5ADCB25820E83009AD3AF /* Frameworks */ = {
			isa = PBXFrameworksBuildPhase;
			buildActionMask = 2147483647;
			files = (
			);
			runOnlyForDeploymentPostprocessing = 0;
		};
		4FF5ADD625820E83009AD3AF /* Frameworks */ = {
			isa = PBXFrameworksBuildPhase;
			buildActionMask = 2147483647;
			files = (
			);
			runOnlyForDeploymentPostprocessing = 0;
		};
/* End PBXFrameworksBuildPhase section */

/* Begin PBXGroup section */
		4FF5ADAF25820E81009AD3AF = {
			isa = PBXGroup;
			children = (
				4FF5ADBA25820E81009AD3AF /* Fuck */,
				4FF5ADD125820E83009AD3AF /* FuckTests */,
				4FF5ADDC25820E83009AD3AF /* FuckUITests */,
				4FF5ADB925820E81009AD3AF /* Products */,
			);
			sourceTree = "<group>";
		};
		4FF5ADB925820E81009AD3AF /* Products */ = {
			isa = PBXGroup;
			children = (
				4FF5ADB825820E81009AD3AF /* Fuck.app */,
				4FF5ADCE25820E83009AD3AF /* FuckTests.xctest */,
				4FF5ADD925820E83009AD3AF /* FuckUITests.xctest */,
			);
			name = Products;
			sourceTree = "<group>";
		};
		4FF5ADBA25820E81009AD3AF /* Fuck */ = {
			isa = PBXGroup;
			children = (
				4FF5ADBB25820E81009AD3AF /* AppDelegate.swift */,
				4FF5ADBD25820E81009AD3AF /* SceneDelegate.swift */,
				4FF5ADBF25820E81009AD3AF /* ContentView.swift */,
				4FF5ADC125820E83009AD3AF /* Assets.xcassets */,
				4FF5ADC625820E83009AD3AF /* LaunchScreen.storyboard */,
				4FF5ADC925820E83009AD3AF /* Info.plist */,
				4FF5ADC325820E83009AD3AF /* Preview Content */,
			);
			path = Fuck;
			sourceTree = "<group>";
		};
		4FF5ADC325820E83009AD3AF /* Preview Content */ = {
			isa = PBXGroup;
			children = (
				4FF5ADC425820E83009AD3AF /* Preview Assets.xcassets */,
			);
			path = "Preview Content";
			sourceTree = "<group>";
		};
		4FF5ADD125820E83009AD3AF /* FuckTests */ = {
			isa = PBXGroup;
			children = (
				4FF5ADD225820E83009AD3AF /* FuckTests.swift */,
				4FF5ADD425820E83009AD3AF /* Info.plist */,
			);
			path = FuckTests;
			sourceTree = "<group>";
		};
		4FF5ADDC25820E83009AD3AF /* FuckUITests */ = {
			isa = PBXGroup;
			children = (
				4FF5ADDD25820E83009AD3AF /* FuckUITests.swift */,
				4FF5ADDF25820E83009AD3AF /* Info.plist */,
			);
			path = FuckUITests;
			sourceTree = "<group>";
		};
/* End PBXGroup section */

/* Begin PBXNativeTarget section */
		4FF5ADB725820E81009AD3AF /* Fuck */ = {
			isa = PBXNativeTarget;
			buildConfigurationList = 4FF5ADE225820E83009AD3AF /* Build configuration list for PBXNativeTarget "Fuck" */;
			buildPhases = (
				4FF5ADB425820E81009AD3AF /* Sources */,
				4FF5ADB525820E81009AD3AF /* Frameworks */,
				4FF5ADB625820E81009AD3AF /* Resources */,
			);
			buildRules = (
			);
			dependencies = (
			);
			name = Fuck;
			productName = Fuck;
			productReference = 4FF5ADB825820E81009AD3AF /* Fuck.app */;
			productType = "com.apple.product-type.application";
		};
		4FF5ADCD25820E83009AD3AF /* FuckTests */ = {
			isa = PBXNativeTarget;
			buildConfigurationList = 4FF5ADE525820E83009AD3AF /* Build configuration list for PBXNativeTarget "FuckTests" */;
			buildPhases = (
				4FF5ADCA25820E83009AD3AF /* Sources */,
				4FF5ADCB25820E83009AD3AF /* Frameworks */,
				4FF5ADCC25820E83009AD3AF /* Resources */,
			);
			buildRules = (
			);
			dependencies = (
				4FF5ADD025820E83009AD3AF /* PBXTargetDependency */,
			);
			name = FuckTests;
			productName = FuckTests;
			productReference = 4FF5ADCE25820E83009AD3AF /* FuckTests.xctest */;
			productType = "com.apple.product-type.bundle.unit-test";
		};
		4FF5ADD825820E83009AD3AF /* FuckUITests */ = {
			isa = PBXNativeTarget;
			buildConfigurationList = 4FF5ADE825820E83009AD3AF /* Build configuration list for PBXNativeTarget "FuckUITests" */;
			buildPhases = (
				4FF5ADD525820E83009AD3AF /* Sources */,
				4FF5ADD625820E83009AD3AF /* Frameworks */,
				4FF5ADD725820E83009AD3AF /* Resources */,
			);
			buildRules = (
			);
			dependencies = (
				4FF5ADDB25820E83009AD3AF /* PBXTargetDependency */,
			);
			name = FuckUITests;
			productName = FuckUITests;
			productReference = 4FF5ADD925820E83009AD3AF /* FuckUITests.xctest */;
			productType = "com.apple.product-type.bundle.ui-testing";
		};
/* End PBXNativeTarget section */

/* Begin PBXProject section */
		4FF5ADB025820E81009AD3AF /* Project object */ = {
			isa = PBXProject;
			attributes = {
				LastSwiftUpdateCheck = 1170;
				LastUpgradeCheck = 1170;
				ORGANIZATIONNAME = ElliottTest;
				TargetAttributes = {
					4FF5ADB725820E81009AD3AF = {
						CreatedOnToolsVersion = 11.7;
					};
					4FF5ADCD25820E83009AD3AF = {
						CreatedOnToolsVersion = 11.7;
						TestTargetID = 4FF5ADB725820E81009AD3AF;
					};
					4FF5ADD825820E83009AD3AF = {
						CreatedOnToolsVersion = 11.7;
						TestTargetID = 4FF5ADB725820E81009AD3AF;
					};
				};
			};
			buildConfigurationList = 4FF5ADB325820E81009AD3AF /* Build configuration list for PBXProject "Fuck" */;
			compatibilityVersion = "Xcode 9.3";
			developmentRegion = en;
			hasScannedForEncodings = 0;
			knownRegions = (
				en,
				Base,
			);
			mainGroup = 4FF5ADAF25820E81009AD3AF;
			productRefGroup = 4FF5ADB925820E81009AD3AF /* Products */;
			projectDirPath = "";
			projectRoot = "";
			targets = (
				4FF5ADB725820E81009AD3AF /* Fuck */,
				4FF5ADCD25820E83009AD3AF /* FuckTests */,
				4FF5ADD825820E83009AD3AF /* FuckUITests */,
			);
		};
/* End PBXProject section */

/* Begin PBXResourcesBuildPhase section */
		4FF5ADB625820E81009AD3AF /* Resources */ = {
			isa = PBXResourcesBuildPhase;
			buildActionMask = 2147483647;
			files = (
				4FF5ADC825820E83009AD3AF /* LaunchScreen.storyboard in Resources */,
				4FF5ADC525820E83009AD3AF /* Preview Assets.xcassets in Resources */,
				4FF5ADC225820E83009AD3AF /* Assets.xcassets in Resources */,
			);
			runOnlyForDeploymentPostprocessing = 0;
		};
		4FF5ADCC25820E83009AD3AF /* Resources */ = {
			isa = PBXResourcesBuildPhase;
			buildActionMask = 2147483647;
			files = (
			);
			runOnlyForDeploymentPostprocessing = 0;
		};
		4FF5ADD725820E83009AD3AF /* Resources */ = {
			isa = PBXResourcesBuildPhase;
			buildActionMask = 2147483647;
			files = (
			);
			runOnlyForDeploymentPostprocessing = 0;
		};
/* End PBXResourcesBuildPhase section */

/* Begin PBXSourcesBuildPhase section */
		4FF5ADB425820E81009AD3AF /* Sources */ = {
			isa = PBXSourcesBuildPhase;
			buildActionMask = 2147483647;
			files = (
				4FF5ADBC25820E81009AD3AF /* AppDelegate.swift in Sources */,
				4FF5ADBE25820E81009AD3AF /* SceneDelegate.swift in Sources */,
				4FF5ADC025820E81009AD3AF /* ContentView.swift in Sources */,
			);
			runOnlyForDeploymentPostprocessing = 0;
		};
		4FF5ADCA25820E83009AD3AF /* Sources */ = {
			isa = PBXSourcesBuildPhase;
			buildActionMask = 2147483647;
			files = (
				4FF5ADD325820E83009AD3AF /* FuckTests.swift in Sources */,
			);
			runOnlyForDeploymentPostprocessing = 0;
		};
		4FF5ADD525820E83009AD3AF /* Sources */ = {
			isa = PBXSourcesBuildPhase;
			buildActionMask = 2147483647;
			files = (
				4FF5ADDE25820E83009AD3AF /* FuckUITests.swift in Sources */,
			);
			runOnlyForDeploymentPostprocessing = 0;
		};
/* End PBXSourcesBuildPhase section */

/* Begin PBXTargetDependency section */
		4FF5ADD025820E83009AD3AF /* PBXTargetDependency */ = {
			isa = PBXTargetDependency;
			target = 4FF5ADB725820E81009AD3AF /* Fuck */;
			targetProxy = 4FF5ADCF25820E83009AD3AF /* PBXContainerItemProxy */;
		};
		4FF5ADDB25820E83009AD3AF /* PBXTargetDependency */ = {
			isa = PBXTargetDependency;
			target = 4FF5ADB725820E81009AD3AF /* Fuck */;
			targetProxy = 4FF5ADDA25820E83009AD3AF /* PBXContainerItemProxy */;
		};
/* End PBXTargetDependency section */

/* Begin PBXVariantGroup section */
		4FF5ADC625820E83009AD3AF /* LaunchScreen.storyboard */ = {
			isa = PBXVariantGroup;
			children = (
				4FF5ADC725820E83009AD3AF /* Base */,
			);
			name = LaunchScreen.storyboard;
			sourceTree = "<group>";
		};
/* End PBXVariantGroup section */

/* Begin XCBuildConfiguration section */
		4FF5ADE025820E83009AD3AF /* Debug */ = {
			isa = XCBuildConfiguration;
			buildSettings = {
				ALWAYS_SEARCH_USER_PATHS = NO;
				CLANG_ANALYZER_NONNULL = YES;
				CLANG_ANALYZER_NUMBER_OBJECT_CONVERSION = YES_AGGRESSIVE;
				CLANG_CXX_LANGUAGE_STANDARD = "gnu++14";
				CLANG_CXX_LIBRARY = "libc++";
				CLANG_ENABLE_MODULES = YES;
				CLANG_ENABLE_OBJC_ARC = YES;
				CLANG_ENABLE_OBJC_WEAK = YES;
				CLANG_WARN_BLOCK_CAPTURE_AUTORELEASING = YES;
				CLANG_WARN_BOOL_CONVERSION = YES;
				CLANG_WARN_COMMA = YES;
				CLANG_WARN_CONSTANT_CONVERSION = YES;
				CLANG_WARN_DEPRECATED_OBJC_IMPLEMENTATIONS = YES;
				CLANG_WARN_DIRECT_OBJC_ISA_USAGE = YES_ERROR;
				CLANG_WARN_DOCUMENTATION_COMMENTS = YES;
				CLANG_WARN_EMPTY_BODY = YES;
				CLANG_WARN_ENUM_CONVERSION = YES;
				CLANG_WARN_INFINITE_RECURSION = YES;
				CLANG_WARN_INT_CONVERSION = YES;
				CLANG_WARN_NON_LITERAL_NULL_CONVERSION = YES;
				CLANG_WARN_OBJC_IMPLICIT_RETAIN_SELF = YES;
				CLANG_WARN_OBJC_LITERAL_CONVERSION = YES;
				CLANG_WARN_OBJC_ROOT_CLASS = YES_ERROR;
				CLANG_WARN_RANGE_LOOP_ANALYSIS = YES;
				CLANG_WARN_STRICT_PROTOTYPES = YES;
				CLANG_WARN_SUSPICIOUS_MOVE = YES;
				CLANG_WARN_UNGUARDED_AVAILABILITY = YES_AGGRESSIVE;
				CLANG_WARN_UNREACHABLE_CODE = YES;
				CLANG_WARN__DUPLICATE_METHOD_MATCH = YES;
				COPY_PHASE_STRIP = NO;
				DEBUG_INFORMATION_FORMAT = dwarf;
				ENABLE_STRICT_OBJC_MSGSEND = YES;
				ENABLE_TESTABILITY = YES;
				GCC_C_LANGUAGE_STANDARD = gnu11;
				GCC_DYNAMIC_NO_PIC = NO;
				GCC_NO_COMMON_BLOCKS = YES;
				GCC_OPTIMIZATION_LEVEL = 0;
				GCC_PREPROCESSOR_DEFINITIONS = (
					"DEBUG=1",
					"$(inherited)",
				);
				GCC_WARN_64_TO_32_BIT_CONVERSION = YES;
				GCC_WARN_ABOUT_RETURN_TYPE = YES_ERROR;
				GCC_WARN_UNDECLARED_SELECTOR = YES;
				GCC_WARN_UNINITIALIZED_AUTOS = YES_AGGRESSIVE;
				GCC_WARN_UNUSED_FUNCTION = YES;
				GCC_WARN_UNUSED_VARIABLE = YES;
				IPHONEOS_DEPLOYMENT_TARGET = 13.7;
				MTL_ENABLE_DEBUG_INFO = INCLUDE_SOURCE;
				MTL_FAST_MATH = YES;
				ONLY_ACTIVE_ARCH = YES;
				SDKROOT = iphoneos;
				SWIFT_ACTIVE_COMPILATION_CONDITIONS = DEBUG;
				SWIFT_OPTIMIZATION_LEVEL = "-Onone";
			};
			name = Debug;
		};
		4FF5ADE125820E83009AD3AF /* Release */ = {
			isa = XCBuildConfiguration;
			buildSettings = {
				ALWAYS_SEARCH_USER_PATHS = NO;
				CLANG_ANALYZER_NONNULL = YES;
				CLANG_ANALYZER_NUMBER_OBJECT_CONVERSION = YES_AGGRESSIVE;
				CLANG_CXX_LANGUAGE_STANDARD = "gnu++14";
				CLANG_CXX_LIBRARY = "libc++";
				CLANG_ENABLE_MODULES = YES;
				CLANG_ENABLE_OBJC_ARC = YES;
				CLANG_ENABLE_OBJC_WEAK = YES;
				CLANG_WARN_BLOCK_CAPTURE_AUTORELEASING = YES;
				CLANG_WARN_BOOL_CONVERSION = YES;
				CLANG_WARN_COMMA = YES;
				CLANG_WARN_CONSTANT_CONVERSION = YES;
				CLANG_WARN_DEPRECATED_OBJC_IMPLEMENTATIONS = YES;
				CLANG_WARN_DIRECT_OBJC_ISA_USAGE = YES_ERROR;
				CLANG_WARN_DOCUMENTATION_COMMENTS = YES;
				CLANG_WARN_EMPTY_BODY = YES;
				CLANG_WARN_ENUM_CONVERSION = YES;
				CLANG_WARN_INFINITE_RECURSION = YES;
				CLANG_WARN_INT_CONVERSION = YES;
				CLANG_WARN_NON_LITERAL_NULL_CONVERSION = YES;
				CLANG_WARN_OBJC_IMPLICIT_RETAIN_SELF = YES;
				CLANG_WARN_OBJC_LITERAL_CONVERSION = YES;
				CLANG_WARN_OBJC_ROOT_CLASS = YES_ERROR;
				CLANG_WARN_RANGE_LOOP_ANALYSIS = YES;
				CLANG_WARN_STRICT_PROTOTYPES = YES;
				CLANG_WARN_SUSPICIOUS_MOVE = YES;
				CLANG_WARN_UNGUARDED_AVAILABILITY = YES_AGGRESSIVE;
				CLANG_WARN_UNREACHABLE_CODE = YES;
				CLANG_WARN__DUPLICATE_METHOD_MATCH = YES;
				COPY_PHASE_STRIP = NO;
				DEBUG_INFORMATION_FORMAT = "dwarf-with-dsym";
				ENABLE_NS_ASSERTIONS = NO;
				ENABLE_STRICT_OBJC_MSGSEND = YES;
				GCC_C_LANGUAGE_STANDARD = gnu11;
				GCC_NO_COMMON_BLOCKS = YES;
				GCC_WARN_64_TO_32_BIT_CONVERSION = YES;
				GCC_WARN_ABOUT_RETURN_TYPE = YES_ERROR;
				GCC_WARN_UNDECLARED_SELECTOR = YES;
				GCC_WARN_UNINITIALIZED_AUTOS = YES_AGGRESSIVE;
				GCC_WARN_UNUSED_FUNCTION = YES;
				GCC_WARN_UNUSED_VARIABLE = YES;
				IPHONEOS_DEPLOYMENT_TARGET = 13.7;
				MTL_ENABLE_DEBUG_INFO = NO;
				MTL_FAST_MATH = YES;
				SDKROOT = iphoneos;
				SWIFT_COMPILATION_MODE = wholemodule;
				SWIFT_OPTIMIZATION_LEVEL = "-O";
				VALIDATE_PRODUCT = YES;
			};
			name = Release;
		};
		4FF5ADE325820E83009AD3AF /* Debug */ = {
			isa = XCBuildConfiguration;
			buildSettings = {
				ASSETCATALOG_COMPILER_APPICON_NAME = AppIcon;
				CODE_SIGN_STYLE = Automatic;
				DEVELOPMENT_ASSET_PATHS = "\"Fuck/Preview Content\"";
				ENABLE_PREVIEWS = YES;
				INFOPLIST_FILE = Fuck/Info.plist;
				LD_RUNPATH_SEARCH_PATHS = (
					"$(inherited)",
					"@executable_path/Frameworks",
				);
				PRODUCT_BUNDLE_IDENTIFIER = com.iosTest.Fuck;
				PRODUCT_NAME = "$(TARGET_NAME)";
				SWIFT_VERSION = 5.0;
				TARGETED_DEVICE_FAMILY = "1,2";
			};
			name = Debug;
		};
		4FF5ADE425820E83009AD3AF /* Release */ = {
			isa = XCBuildConfiguration;
			buildSettings = {
				ASSETCATALOG_COMPILER_APPICON_NAME = AppIcon;
				CODE_SIGN_STYLE = Automatic;
				DEVELOPMENT_ASSET_PATHS = "\"Fuck/Preview Content\"";
				ENABLE_PREVIEWS = YES;
				INFOPLIST_FILE = Fuck/Info.plist;
				LD_RUNPATH_SEARCH_PATHS = (
					"$(inherited)",
					"@executable_path/Frameworks",
				);
				PRODUCT_BUNDLE_IDENTIFIER = com.iosTest.Fuck;
				PRODUCT_NAME = "$(TARGET_NAME)";
				SWIFT_VERSION = 5.0;
				TARGETED_DEVICE_FAMILY = "1,2";
			};
			name = Release;
		};
		4FF5ADE625820E83009AD3AF /* Debug */ = {
			isa = XCBuildConfiguration;
			buildSettings = {
				ALWAYS_EMBED_SWIFT_STANDARD_LIBRARIES = YES;
				BUNDLE_LOADER = "$(TEST_HOST)";
				CODE_SIGN_STYLE = Automatic;
				INFOPLIST_FILE = FuckTests/Info.plist;
				IPHONEOS_DEPLOYMENT_TARGET = 13.7;
				LD_RUNPATH_SEARCH_PATHS = (
					"$(inherited)",
					"@executable_path/Frameworks",
					"@loader_path/Frameworks",
				);
				PRODUCT_BUNDLE_IDENTIFIER = com.iosTest.FuckTests;
				PRODUCT_NAME = "$(TARGET_NAME)";
				SWIFT_VERSION = 5.0;
				TARGETED_DEVICE_FAMILY = "1,2";
				TEST_HOST = "$(BUILT_PRODUCTS_DIR)/Fuck.app/Fuck";
			};
			name = Debug;
		};
		4FF5ADE725820E83009AD3AF /* Release */ = {
			isa = XCBuildConfiguration;
			buildSettings = {
				ALWAYS_EMBED_SWIFT_STANDARD_LIBRARIES = YES;
				BUNDLE_LOADER = "$(TEST_HOST)";
				CODE_SIGN_STYLE = Automatic;
				INFOPLIST_FILE = FuckTests/Info.plist;
				IPHONEOS_DEPLOYMENT_TARGET = 13.7;
				LD_RUNPATH_SEARCH_PATHS = (
					"$(inherited)",
					"@executable_path/Frameworks",
					"@loader_path/Frameworks",
				);
				PRODUCT_BUNDLE_IDENTIFIER = com.iosTest.FuckTests;
				PRODUCT_NAME = "$(TARGET_NAME)";
				SWIFT_VERSION = 5.0;
				TARGETED_DEVICE_FAMILY = "1,2";
				TEST_HOST = "$(BUILT_PRODUCTS_DIR)/Fuck.app/Fuck";
			};
			name = Release;
		};
		4FF5ADE925820E83009AD3AF /* Debug */ = {
			isa = XCBuildConfiguration;
			buildSettings = {
				ALWAYS_EMBED_SWIFT_STANDARD_LIBRARIES = YES;
				CODE_SIGN_STYLE = Automatic;
				INFOPLIST_FILE = FuckUITests/Info.plist;
				LD_RUNPATH_SEARCH_PATHS = (
					"$(inherited)",
					"@executable_path/Frameworks",
					"@loader_path/Frameworks",
				);
				PRODUCT_BUNDLE_IDENTIFIER = com.iosTest.FuckUITests;
				PRODUCT_NAME = "$(TARGET_NAME)";
				SWIFT_VERSION = 5.0;
				TARGETED_DEVICE_FAMILY = "1,2";
				TEST_TARGET_NAME = Fuck;
			};
			name = Debug;
		};
		4FF5ADEA25820E83009AD3AF /* Release */ = {
			isa = XCBuildConfiguration;
			buildSettings = {
				ALWAYS_EMBED_SWIFT_STANDARD_LIBRARIES = YES;
				CODE_SIGN_STYLE = Automatic;
				INFOPLIST_FILE = FuckUITests/Info.plist;
				LD_RUNPATH_SEARCH_PATHS = (
					"$(inherited)",
					"@executable_path/Frameworks",
					"@loader_path/Frameworks",
				);
				PRODUCT_BUNDLE_IDENTIFIER = com.iosTest.FuckUITests;
				PRODUCT_NAME = "$(TARGET_NAME)";
				SWIFT_VERSION = 5.0;
				TARGETED_DEVICE_FAMILY = "1,2";
				TEST_TARGET_NAME = Fuck;
			};
			name = Release;
		};
/* End XCBuildConfiguration section */

/* Begin XCConfigurationList section */
		4FF5ADB325820E81009AD3AF /* Build configuration list for PBXProject "Fuck" */ = {
			isa = XCConfigurationList;
			buildConfigurations = (
				4FF5ADE025820E83009AD3AF /* Debug */,
				4FF5ADE125820E83009AD3AF /* Release */,
			);
			defaultConfigurationIsVisible = 0;
			defaultConfigurationName = Release;
		};
		4FF5ADE225820E83009AD3AF /* Build configuration list for PBXNativeTarget "Fuck" */ = {
			isa = XCConfigurationList;
			buildConfigurations = (
				4FF5ADE325820E83009AD3AF /* Debug */,
				4FF5ADE425820E83009AD3AF /* Release */,
			);
			defaultConfigurationIsVisible = 0;
			defaultConfigurationName = Release;
		};
		4FF5ADE525820E83009AD3AF /* Build configuration list for PBXNativeTarget "FuckTests" */ = {
			isa = XCConfigurationList;
			buildConfigurations = (
				4FF5ADE625820E83009AD3AF /* Debug */,
				4FF5ADE725820E83009AD3AF /* Release */,
			);
			defaultConfigurationIsVisible = 0;
			defaultConfigurationName = Release;
		};
		4FF5ADE825820E83009AD3AF /* Build configuration list for PBXNativeTarget "FuckUITests" */ = {
			isa = XCConfigurationList;
			buildConfigurations = (
				4FF5ADE925820E83009AD3AF /* Debug */,
				4FF5ADEA25820E83009AD3AF /* Release */,
			);
			defaultConfigurationIsVisible = 0;
			defaultConfigurationName = Release;
		};
/* End XCConfigurationList section */
	};
	rootObject = 4FF5ADB025820E81009AD3AF /* Project object */;
}
